{
  "version": 4,
  "terraform_version": "0.12.16",
  "serial": 24,
  "lineage": "eb9728ce-37f8-f886-242f-de1b7f1162a8",
  "outputs": {},
  "resources": [
    {
      "mode": "managed",
      "type": "aws_s3_bucket",
      "name": "kindle_highlights",
      "provider": "provider.aws",
      "instances": [
        {
          "schema_version": 0,
          "attributes": {
            "acceleration_status": "",
            "acl": "private",
            "arn": "arn:aws:s3:::scottchiang-kindle-highlights",
            "bucket": "scottchiang-kindle-highlights",
            "bucket_domain_name": "scottchiang-kindle-highlights.s3.amazonaws.com",
            "bucket_prefix": null,
            "bucket_regional_domain_name": "scottchiang-kindle-highlights.s3.us-west-2.amazonaws.com",
            "cors_rule": [],
            "force_destroy": false,
            "grant": [],
            "hosted_zone_id": "Z3BJ6K6RIION7M",
            "id": "scottchiang-kindle-highlights",
            "lifecycle_rule": [],
            "logging": [],
            "object_lock_configuration": [],
            "policy": null,
            "region": "us-west-2",
            "replication_configuration": [],
            "request_payer": "BucketOwner",
            "server_side_encryption_configuration": [],
            "tags": {
              "Name": "Kindle Highlights"
            },
            "versioning": [
              {
                "enabled": false,
                "mfa_delete": false
              }
            ],
            "website": [],
            "website_domain": null,
            "website_endpoint": null
          }
        }
      ]
    }
  ]
}
